
Microsoft Visual Studio Solution File, Format Version 12.00
# Visual Studio Version 16
VisualStudioVersion = 16.0.810.7
MinimumVisualStudioVersion = 10.0.40219.1
Project("{FAE04EC0-301F-11D3-BF4B-00C04F79EFBC}") = "carzone-api", "carzone-api\carzone-api.csproj", "{4E560F09-BBC7-46A4-A3B7-51605F3BF703}"
EndProject
Global
	GlobalSection(SolutionConfigurationPlatforms) = preSolution
		Debug|Any CPU = Debug|Any CPU
		Release|Any CPU = Release|Any CPU
	EndGlobalSection
	GlobalSection(ProjectConfigurationPlatforms) = postSolution
		{4E560F09-BBC7-46A4-A3B7-51605F3BF703}.Debug|Any CPU.ActiveCfg = Debug|Any CPU
		{4E560F09-BBC7-46A4-A3B7-51605F3BF703}.Debug|Any CPU.Build.0 = Debug|Any CPU
		{4E560F09-BBC7-46A4-A3B7-51605F3BF703}.Release|Any CPU.ActiveCfg = Release|Any CPU
		{4E560F09-BBC7-46A4-A3B7-51605F3BF703}.Release|Any CPU.Build.0 = Release|Any CPU
	EndGlobalSection
	GlobalSection(SolutionProperties) = preSolution
		HideSolutionNode = FALSE
	EndGlobalSection
	GlobalSection(ExtensibilityGlobals) = postSolution
		SolutionGuid = {22531AD9-C417-4FE5-83AD-840387EC7E94}
	EndGlobalSection
EndGlobal
